// !$*UTF8*$!
{
	archiveVersion = 1;
	classes = {
	};
	objectVersion = 56;
	objects = {

/* Begin PBXBuildFile section */
		E4C321D82AB687BA00C55255 /* HanddrawingSample1App.swift in Sources */ = {isa = PBXBuildFile; fileRef = E4C321D72AB687BA00C55255 /* HanddrawingSample1App.swift */; };
		E4C321DA2AB687BA00C55255 /* ContentView.swift in Sources */ = {isa = PBXBuildFile; fileRef = E4C321D92AB687BA00C55255 /* ContentView.swift */; };
		E4C321DC2AB687BD00C55255 /* Assets.xcassets in Resources */ = {isa = PBXBuildFile; fileRef = E4C321DB2AB687BD00C55255 /* Assets.xcassets */; };
		E4C321E02AB687BD00C55255 /* Preview Assets.xcassets in Resources */ = {isa = PBXBuildFile; fileRef = E4C321DF2AB687BD00C55255 /* Preview Assets.xcassets */; };
		E4C321EA2AB687BD00C55255 /* HanddrawingSample1Tests.swift in Sources */ = {isa = PBXBuildFile; fileRef = E4C321E92AB687BD00C55255 /* HanddrawingSample1Tests.swift */; };
		E4C321F42AB687BD00C55255 /* HanddrawingSample1UITests.swift in Sources */ = {isa = PBXBuildFile; fileRef = E4C321F32AB687BD00C55255 /* HanddrawingSample1UITests.swift */; };
		E4C321F62AB687BD00C55255 /* HanddrawingSample1UITestsLaunchTests.swift in Sources */ = {isa = PBXBuildFile; fileRef = E4C321F52AB687BD00C55255 /* HanddrawingSample1UITestsLaunchTests.swift */; };
/* End PBXBuildFile section */

/* Begin PBXContainerItemProxy section */
		E4C321E62AB687BD00C55255 /* PBXContainerItemProxy */ = {
			isa = PBXContainerItemProxy;
			containerPortal = E4C321CC2AB687BA00C55255 /* Project object */;
			proxyType = 1;
			remoteGlobalIDString = E4C321D32AB687BA00C55255;
			remoteInfo = HanddrawingSample1;
		};
		E4C321F02AB687BD00C55255 /* PBXContainerItemProxy */ = {
			isa = PBXContainerItemProxy;
			containerPortal = E4C321CC2AB687BA00C55255 /* Project object */;
			proxyType = 1;
			remoteGlobalIDString = E4C321D32AB687BA00C55255;
			remoteInfo = HanddrawingSample1;
		};
/* End PBXContainerItemProxy section */

/* Begin PBXFileReference section */
		E4C321D42AB687BA00C55255 /* HanddrawingSample1.app */ = {isa = PBXFileReference; explicitFileType = wrapper.application; includeInIndex = 0; path = HanddrawingSample1.app; sourceTree = BUILT_PRODUCTS_DIR; };
		E4C321D72AB687BA00C55255 /* HanddrawingSample1App.swift */ = {isa = PBXFileReference; lastKnownFileType = sourcecode.swift; path = HanddrawingSample1App.swift; sourceTree = "<group>"; };
		E4C321D92AB687BA00C55255 /* ContentView.swift */ = {isa = PBXFileReference; lastKnownFileType = sourcecode.swift; path = ContentView.swift; sourceTree = "<group>"; };
		E4C321DB2AB687BD00C55255 /* Assets.xcassets */ = {isa = PBXFileReference; lastKnownFileType = folder.assetcatalog; path = Assets.xcassets; sourceTree = "<group>"; };
		E4C321DD2AB687BD00C55255 /* HanddrawingSample1.entitlements */ = {isa = PBXFileReference; lastKnownFileType = text.plist.entitlements; path = HanddrawingSample1.entitlements; sourceTree = "<group>"; };
		E4C321DF2AB687BD00C55255 /* Preview Assets.xcassets */ = {isa = PBXFileReference; lastKnownFileType = folder.assetcatalog; path = "Preview Assets.xcassets"; sourceTree = "<group>"; };
		E4C321E52AB687BD00C55255 /* HanddrawingSample1Tests.xctest */ = {isa = PBXFileReference; explicitFileType = wrapper.cfbundle; includeInIndex = 0; path = HanddrawingSample1Tests.xctest; sourceTree = BUILT_PRODUCTS_DIR; };
		E4C321E92AB687BD00C55255 /* HanddrawingSample1Tests.swift */ = {isa = PBXFileReference; lastKnownFileType = sourcecode.swift; path = HanddrawingSample1Tests.swift; sourceTree = "<group>"; };
		E4C321EF2AB687BD00C55255 /* HanddrawingSample1UITests.xctest */ = {isa = PBXFileReference; explicitFileType = wrapper.cfbundle; includeInIndex = 0; path = HanddrawingSample1UITests.xctest; sourceTree = BUILT_PRODUCTS_DIR; };
		E4C321F32AB687BD00C55255 /* HanddrawingSample1UITests.swift */ = {isa = PBXFileReference; lastKnownFileType = sourcecode.swift; path = HanddrawingSample1UITests.swift; sourceTree = "<group>"; };
		E4C321F52AB687BD00C55255 /* HanddrawingSample1UITestsLaunchTests.swift */ = {isa = PBXFileReference; lastKnownFileType = sourcecode.swift; path = HanddrawingSample1UITestsLaunchTests.swift; sourceTree = "<group>"; };
/* End PBXFileReference section */

/* Begin PBXFrameworksBuildPhase section */
		E4C321D12AB687BA00C55255 /* Frameworks */ = {
			isa = PBXFrameworksBuildPhase;
			buildActionMask = 2147483647;
			files = (
			);
			runOnlyForDeploymentPostprocessing = 0;
		};
		E4C321E22AB687BD00C55255 /* Frameworks */ = {
			isa = PBXFrameworksBuildPhase;
			buildActionMask = 2147483647;
			files = (
			);
			runOnlyForDeploymentPostprocessing = 0;
		};
		E4C321EC2AB687BD00C55255 /* Frameworks */ = {
			isa = PBXFrameworksBuildPhase;
			buildActionMask = 2147483647;
			files = (
			);
			runOnlyForDeploymentPostprocessing = 0;
		};
/* End PBXFrameworksBuildPhase section */

/* Begin PBXGroup section */
		E4C321CB2AB687BA00C55255 = {
			isa = PBXGroup;
			children = (
				E4C321D62AB687BA00C55255 /* HanddrawingSample1 */,
				E4C321E82AB687BD00C55255 /* HanddrawingSample1Tests */,
				E4C321F22AB687BD00C55255 /* HanddrawingSample1UITests */,
				E4C321D52AB687BA00C55255 /* Products */,
			);
			sourceTree = "<group>";
		};
		E4C321D52AB687BA00C55255 /* Products */ = {
			isa = PBXGroup;
			children = (
				E4C321D42AB687BA00C55255 /* HanddrawingSample1.app */,
				E4C321E52AB687BD00C55255 /* HanddrawingSample1Tests.xctest */,
				E4C321EF2AB687BD00C55255 /* HanddrawingSample1UITests.xctest */,
			);
			name = Products;
			sourceTree = "<group>";
		};
		E4C321D62AB687BA00C55255 /* HanddrawingSample1 */ = {
			isa = PBXGroup;
			children = (
				E4C321D72AB687BA00C55255 /* HanddrawingSample1App.swift */,
				E4C321D92AB687BA00C55255 /* ContentView.swift */,
				E4C321DB2AB687BD00C55255 /* Assets.xcassets */,
				E4C321DD2AB687BD00C55255 /* HanddrawingSample1.entitlements */,
				E4C321DE2AB687BD00C55255 /* Preview Content */,
			);
			path = HanddrawingSample1;
			sourceTree = "<group>";
		};
		E4C321DE2AB687BD00C55255 /* Preview Content */ = {
			isa = PBXGroup;
			children = (
				E4C321DF2AB687BD00C55255 /* Preview Assets.xcassets */,
			);
			path = "Preview Content";
			sourceTree = "<group>";
		};
		E4C321E82AB687BD00C55255 /* HanddrawingSample1Tests */ = {
			isa = PBXGroup;
			children = (
				E4C321E92AB687BD00C55255 /* HanddrawingSample1Tests.swift */,
			);
			path = HanddrawingSample1Tests;
			sourceTree = "<group>";
		};
		E4C321F22AB687BD00C55255 /* HanddrawingSample1UITests */ = {
			isa = PBXGroup;
			children = (
				E4C321F32AB687BD00C55255 /* HanddrawingSample1UITests.swift */,
				E4C321F52AB687BD00C55255 /* HanddrawingSample1UITestsLaunchTests.swift */,
			);
			path = HanddrawingSample1UITests;
			sourceTree = "<group>";
		};
/* End PBXGroup section */

/* Begin PBXNativeTarget section */
		E4C321D32AB687BA00C55255 /* HanddrawingSample1 */ = {
			isa = PBXNativeTarget;
			buildConfigurationList = E4C321F92AB687BD00C55255 /* Build configuration list for PBXNativeTarget "HanddrawingSample1" */;
			buildPhases = (
				E4C321D02AB687BA00C55255 /* Sources */,
				E4C321D12AB687BA00C55255 /* Frameworks */,
				E4C321D22AB687BA00C55255 /* Resources */,
			);
			buildRules = (
			);
			dependencies = (
			);
			name = HanddrawingSample1;
			productName = HanddrawingSample1;
			productReference = E4C321D42AB687BA00C55255 /* HanddrawingSample1.app */;
			productType = "com.apple.product-type.application";
		};
		E4C321E42AB687BD00C55255 /* HanddrawingSample1Tests */ = {
			isa = PBXNativeTarget;
			buildConfigurationList = E4C321FC2AB687BD00C55255 /* Build configuration list for PBXNativeTarget "HanddrawingSample1Tests" */;
			buildPhases = (
				E4C321E12AB687BD00C55255 /* Sources */,
				E4C321E22AB687BD00C55255 /* Frameworks */,
				E4C321E32AB687BD00C55255 /* Resources */,
			);
			buildRules = (
			);
			dependencies = (
				E4C321E72AB687BD00C55255 /* PBXTargetDependency */,
			);
			name = HanddrawingSample1Tests;
			productName = HanddrawingSample1Tests;
			productReference = E4C321E52AB687BD00C55255 /* HanddrawingSample1Tests.xctest */;
			productType = "com.apple.product-type.bundle.unit-test";
		};
		E4C321EE2AB687BD00C55255 /* HanddrawingSample1UITests */ = {
			isa = PBXNativeTarget;
			buildConfigurationList = E4C321FF2AB687BD00C55255 /* Build configuration list for PBXNativeTarget "HanddrawingSample1UITests" */;
			buildPhases = (
				E4C321EB2AB687BD00C55255 /* Sources */,
				E4C321EC2AB687BD00C55255 /* Frameworks */,
				E4C321ED2AB687BD00C55255 /* Resources */,
			);
			buildRules = (
			);
			dependencies = (
				E4C321F12AB687BD00C55255 /* PBXTargetDependency */,
			);
			name = HanddrawingSample1UITests;
			productName = HanddrawingSample1UITests;
			productReference = E4C321EF2AB687BD00C55255 /* HanddrawingSample1UITests.xctest */;
			productType = "com.apple.product-type.bundle.ui-testing";
		};
/* End PBXNativeTarget section */

/* Begin PBXProject section */
		E4C321CC2AB687BA00C55255 /* Project object */ = {
			isa = PBXProject;
			attributes = {
				BuildIndependentTargetsInParallel = 1;
				LastSwiftUpdateCheck = 1420;
				LastUpgradeCheck = 1420;
				TargetAttributes = {
					E4C321D32AB687BA00C55255 = {
						CreatedOnToolsVersion = 14.2;
					};
					E4C321E42AB687BD00C55255 = {
						CreatedOnToolsVersion = 14.2;
						TestTargetID = E4C321D32AB687BA00C55255;
					};
					E4C321EE2AB687BD00C55255 = {
						CreatedOnToolsVersion = 14.2;
						TestTargetID = E4C321D32AB687BA00C55255;
					};
				};
			};
			buildConfigurationList = E4C321CF2AB687BA00C55255 /* Build configuration list for PBXProject "HanddrawingSample1" */;
			compatibilityVersion = "Xcode 14.0";
			developmentRegion = en;
			hasScannedForEncodings = 0;
			knownRegions = (
				en,
				Base,
			);
			mainGroup = E4C321CB2AB687BA00C55255;
			productRefGroup = E4C321D52AB687BA00C55255 /* Products */;
			projectDirPath = "";
			projectRoot = "";
			targets = (
				E4C321D32AB687BA00C55255 /* HanddrawingSample1 */,
				E4C321E42AB687BD00C55255 /* HanddrawingSample1Tests */,
				E4C321EE2AB687BD00C55255 /* HanddrawingSample1UITests */,
			);
		};
/* End PBXProject section */

/* Begin PBXResourcesBuildPhase section */
		E4C321D22AB687BA00C55255 /* Resources */ = {
			isa = PBXResourcesBuildPhase;
			buildActionMask = 2147483647;
			files = (
				E4C321E02AB687BD00C55255 /* Preview Assets.xcassets in Resources */,
				E4C321DC2AB687BD00C55255 /* Assets.xcassets in Resources */,
			);
			runOnlyForDeploymentPostprocessing = 0;
		};
		E4C321E32AB687BD00C55255 /* Resources */ = {
			isa = PBXResourcesBuildPhase;
			buildActionMask = 2147483647;
			files = (
			);
			runOnlyForDeploymentPostprocessing = 0;
		};
		E4C321ED2AB687BD00C55255 /* Resources */ = {
			isa = PBXResourcesBuildPhase;
			buildActionMask = 2147483647;
			files = (
			);
			runOnlyForDeploymentPostprocessing = 0;
		};
/* End PBXResourcesBuildPhase section */

/* Begin PBXSourcesBuildPhase section */
		E4C321D02AB687BA00C55255 /* Sources */ = {
			isa = PBXSourcesBuildPhase;
			buildActionMask = 2147483647;
			files = (
				E4C321DA2AB687BA00C55255 /* ContentView.swift in Sources */,
				E4C321D82AB687BA00C55255 /* HanddrawingSample1App.swift in Sources */,
			);
			runOnlyForDeploymentPostprocessing = 0;
		};
		E4C321E12AB687BD00C55255 /* Sources */ = {
			isa = PBXSourcesBuildPhase;
			buildActionMask = 2147483647;
			files = (
				E4C321EA2AB687BD00C55255 /* HanddrawingSample1Tests.swift in Sources */,
			);
			runOnlyForDeploymentPostprocessing = 0;
		};
		E4C321EB2AB687BD00C55255 /* Sources */ = {
			isa = PBXSourcesBuildPhase;
			buildActionMask = 2147483647;
			files = (
				E4C321F62AB687BD00C55255 /* HanddrawingSample1UITestsLaunchTests.swift in Sources */,
				E4C321F42AB687BD00C55255 /* HanddrawingSample1UITests.swift in Sources */,
			);
			runOnlyForDeploymentPostprocessing = 0;
		};
/* End PBXSourcesBuildPhase section */

/* Begin PBXTargetDependency section */
		E4C321E72AB687BD00C55255 /* PBXTargetDependency */ = {
			isa = PBXTargetDependency;
			target = E4C321D32AB687BA00C55255 /* HanddrawingSample1 */;
			targetProxy = E4C321E62AB687BD00C55255 /* PBXContainerItemProxy */;
		};
		E4C321F12AB687BD00C55255 /* PBXTargetDependency */ = {
			isa = PBXTargetDependency;
			target = E4C321D32AB687BA00C55255 /* HanddrawingSample1 */;
			targetProxy = E4C321F02AB687BD00C55255 /* PBXContainerItemProxy */;
		};
/* End PBXTargetDependency section */

/* Begin XCBuildConfiguration section */
		E4C321F72AB687BD00C55255 /* Debug */ = {
			isa = XCBuildConfiguration;
			buildSettings = {
				ALWAYS_SEARCH_USER_PATHS = NO;
				CLANG_ANALYZER_NONNULL = YES;
				CLANG_ANALYZER_NUMBER_OBJECT_CONVERSION = YES_AGGRESSIVE;
				CLANG_CXX_LANGUAGE_STANDARD = "gnu++20";
				CLANG_ENABLE_MODULES = YES;
				CLANG_ENABLE_OBJC_ARC = YES;
				CLANG_ENABLE_OBJC_WEAK = YES;
				CLANG_WARN_BLOCK_CAPTURE_AUTORELEASING = YES;
				CLANG_WARN_BOOL_CONVERSION = YES;
				CLANG_WARN_COMMA = YES;
				CLANG_WARN_CONSTANT_CONVERSION = YES;
				CLANG_WARN_DEPRECATED_OBJC_IMPLEMENTATIONS = YES;
				CLANG_WARN_DIRECT_OBJC_ISA_USAGE = YES_ERROR;
				CLANG_WARN_DOCUMENTATION_COMMENTS = YES;
				CLANG_WARN_EMPTY_BODY = YES;
				CLANG_WARN_ENUM_CONVERSION = YES;
				CLANG_WARN_INFINITE_RECURSION = YES;
				CLANG_WARN_INT_CONVERSION = YES;
				CLANG_WARN_NON_LITERAL_NULL_CONVERSION = YES;
				CLANG_WARN_OBJC_IMPLICIT_RETAIN_SELF = YES;
				CLANG_WARN_OBJC_LITERAL_CONVERSION = YES;
				CLANG_WARN_OBJC_ROOT_CLASS = YES_ERROR;
				CLANG_WARN_QUOTED_INCLUDE_IN_FRAMEWORK_HEADER = YES;
				CLANG_WARN_RANGE_LOOP_ANALYSIS = YES;
				CLANG_WARN_STRICT_PROTOTYPES = YES;
				CLANG_WARN_SUSPICIOUS_MOVE = YES;
				CLANG_WARN_UNGUARDED_AVAILABILITY = YES_AGGRESSIVE;
				CLANG_WARN_UNREACHABLE_CODE = YES;
				CLANG_WARN__DUPLICATE_METHOD_MATCH = YES;
				COPY_PHASE_STRIP = NO;
				DEBUG_INFORMATION_FORMAT = dwarf;
				ENABLE_STRICT_OBJC_MSGSEND = YES;
				ENABLE_TESTABILITY = YES;
				GCC_C_LANGUAGE_STANDARD = gnu11;
				GCC_DYNAMIC_NO_PIC = NO;
				GCC_NO_COMMON_BLOCKS = YES;
				GCC_OPTIMIZATION_LEVEL = 0;
				GCC_PREPROCESSOR_DEFINITIONS = (
					"DEBUG=1",
					"$(inherited)",
				);
				GCC_WARN_64_TO_32_BIT_CONVERSION = YES;
				GCC_WARN_ABOUT_RETURN_TYPE = YES_ERROR;
				GCC_WARN_UNDECLARED_SELECTOR = YES;
				GCC_WARN_UNINITIALIZED_AUTOS = YES_AGGRESSIVE;
				GCC_WARN_UNUSED_FUNCTION = YES;
				GCC_WARN_UNUSED_VARIABLE = YES;
				MTL_ENABLE_DEBUG_INFO = INCLUDE_SOURCE;
				MTL_FAST_MATH = YES;
				ONLY_ACTIVE_ARCH = YES;
				SWIFT_ACTIVE_COMPILATION_CONDITIONS = DEBUG;
				SWIFT_OPTIMIZATION_LEVEL = "-Onone";
			};
			name = Debug;
		};
		E4C321F82AB687BD00C55255 /* Release */ = {
			isa = XCBuildConfiguration;
			buildSettings = {
				ALWAYS_SEARCH_USER_PATHS = NO;
				CLANG_ANALYZER_NONNULL = YES;
				CLANG_ANALYZER_NUMBER_OBJECT_CONVERSION = YES_AGGRESSIVE;
				CLANG_CXX_LANGUAGE_STANDARD = "gnu++20";
				CLANG_ENABLE_MODULES = YES;
				CLANG_ENABLE_OBJC_ARC = YES;
				CLANG_ENABLE_OBJC_WEAK = YES;
				CLANG_WARN_BLOCK_CAPTURE_AUTORELEASING = YES;
				CLANG_WARN_BOOL_CONVERSION = YES;
				CLANG_WARN_COMMA = YES;
				CLANG_WARN_CONSTANT_CONVERSION = YES;
				CLANG_WARN_DEPRECATED_OBJC_IMPLEMENTATIONS = YES;
				CLANG_WARN_DIRECT_OBJC_ISA_USAGE = YES_ERROR;
				CLANG_WARN_DOCUMENTATION_COMMENTS = YES;
				CLANG_WARN_EMPTY_BODY = YES;
				CLANG_WARN_ENUM_CONVERSION = YES;
				CLANG_WARN_INFINITE_RECURSION = YES;
				CLANG_WARN_INT_CONVERSION = YES;
				CLANG_WARN_NON_LITERAL_NULL_CONVERSION = YES;
				CLANG_WARN_OBJC_IMPLICIT_RETAIN_SELF = YES;
				CLANG_WARN_OBJC_LITERAL_CONVERSION = YES;
				CLANG_WARN_OBJC_ROOT_CLASS = YES_ERROR;
				CLANG_WARN_QUOTED_INCLUDE_IN_FRAMEWORK_HEADER = YES;
				CLANG_WARN_RANGE_LOOP_ANALYSIS = YES;
				CLANG_WARN_STRICT_PROTOTYPES = YES;
				CLANG_WARN_SUSPICIOUS_MOVE = YES;
				CLANG_WARN_UNGUARDED_AVAILABILITY = YES_AGGRESSIVE;
				CLANG_WARN_UNREACHABLE_CODE = YES;
				CLANG_WARN__DUPLICATE_METHOD_MATCH = YES;
				COPY_PHASE_STRIP = NO;
				DEBUG_INFORMATION_FORMAT = "dwarf-with-dsym";
				ENABLE_NS_ASSERTIONS = NO;
				ENABLE_STRICT_OBJC_MSGSEND = YES;
				GCC_C_LANGUAGE_STANDARD = gnu11;
				GCC_NO_COMMON_BLOCKS = YES;
				GCC_WARN_64_TO_32_BIT_CONVERSION = YES;
				GCC_WARN_ABOUT_RETURN_TYPE = YES_ERROR;
				GCC_WARN_UNDECLARED_SELECTOR = YES;
				GCC_WARN_UNINITIALIZED_AUTOS = YES_AGGRESSIVE;
				GCC_WARN_UNUSED_FUNCTION = YES;
				GCC_WARN_UNUSED_VARIABLE = YES;
				MTL_ENABLE_DEBUG_INFO = NO;
				MTL_FAST_MATH = YES;
				SWIFT_COMPILATION_MODE = wholemodule;
				SWIFT_OPTIMIZATION_LEVEL = "-O";
			};
			name = Release;
		};
		E4C321FA2AB687BD00C55255 /* Debug */ = {
			isa = XCBuildConfiguration;
			buildSettings = {
				ASSETCATALOG_COMPILER_APPICON_NAME = AppIcon;
				ASSETCATALOG_COMPILER_GLOBAL_ACCENT_COLOR_NAME = AccentColor;
				CODE_SIGN_ENTITLEMENTS = HanddrawingSample1/HanddrawingSample1.entitlements;
				CODE_SIGN_STYLE = Automatic;
				CURRENT_PROJECT_VERSION = 1;
				DEVELOPMENT_ASSET_PATHS = "\"HanddrawingSample1/Preview Content\"";
				ENABLE_PREVIEWS = YES;
				GENERATE_INFOPLIST_FILE = YES;
				"INFOPLIST_KEY_UIApplicationSceneManifest_Generation[sdk=iphoneos*]" = YES;
				"INFOPLIST_KEY_UIApplicationSceneManifest_Generation[sdk=iphonesimulator*]" = YES;
				"INFOPLIST_KEY_UIApplicationSupportsIndirectInputEvents[sdk=iphoneos*]" = YES;
				"INFOPLIST_KEY_UIApplicationSupportsIndirectInputEvents[sdk=iphonesimulator*]" = YES;
				"INFOPLIST_KEY_UILaunchScreen_Generation[sdk=iphoneos*]" = YES;
				"INFOPLIST_KEY_UILaunchScreen_Generation[sdk=iphonesimulator*]" = YES;
				"INFOPLIST_KEY_UIStatusBarStyle[sdk=iphoneos*]" = UIStatusBarStyleDefault;
				"INFOPLIST_KEY_UIStatusBarStyle[sdk=iphonesimulator*]" = UIStatusBarStyleDefault;
				INFOPLIST_KEY_UISupportedInterfaceOrientations_iPad = "UIInterfaceOrientationPortrait UIInterfaceOrientationPortraitUpsideDown UIInterfaceOrientationLandscapeLeft UIInterfaceOrientationLandscapeRight";
				INFOPLIST_KEY_UISupportedInterfaceOrientations_iPhone = "UIInterfaceOrientationPortrait UIInterfaceOrientationLandscapeLeft UIInterfaceOrientationLandscapeRight";
				IPHONEOS_DEPLOYMENT_TARGET = 16.2;
				LD_RUNPATH_SEARCH_PATHS = "@executable_path/Frameworks";
				"LD_RUNPATH_SEARCH_PATHS[sdk=macosx*]" = "@executable_path/../Frameworks";
				MACOSX_DEPLOYMENT_TARGET = 13.1;
				MARKETING_VERSION = 1.0;
				PRODUCT_BUNDLE_IDENTIFIER = jp.somari.HanddrawingSample1;
				PRODUCT_NAME = "$(TARGET_NAME)";
				SDKROOT = auto;
				SUPPORTED_PLATFORMS = "iphoneos iphonesimulator macosx";
				SWIFT_EMIT_LOC_STRINGS = YES;
				SWIFT_VERSION = 5.0;
				TARGETED_DEVICE_FAMILY = "1,2";
			};
			name = Debug;
		};
		E4C321FB2AB687BD00C55255 /* Release */ = {
			isa = XCBuildConfiguration;
			buildSettings = {
				ASSETCATALOG_COMPILER_APPICON_NAME = AppIcon;
				ASSETCATALOG_COMPILER_GLOBAL_ACCENT_COLOR_NAME = AccentColor;
				CODE_SIGN_ENTITLEMENTS = HanddrawingSample1/HanddrawingSample1.entitlements;
				CODE_SIGN_STYLE = Automatic;
				CURRENT_PROJECT_VERSION = 1;
				DEVELOPMENT_ASSET_PATHS = "\"HanddrawingSample1/Preview Content\"";
				ENABLE_PREVIEWS = YES;
				GENERATE_INFOPLIST_FILE = YES;
				"INFOPLIST_KEY_UIApplicationSceneManifest_Generation[sdk=iphoneos*]" = YES;
				"INFOPLIST_KEY_UIApplicationSceneManifest_Generation[sdk=iphonesimulator*]" = YES;
				"INFOPLIST_KEY_UIApplicationSupportsIndirectInputEvents[sdk=iphoneos*]" = YES;
				"INFOPLIST_KEY_UIApplicationSupportsIndirectInputEvents[sdk=iphonesimulator*]" = YES;
				"INFOPLIST_KEY_UILaunchScreen_Generation[sdk=iphoneos*]" = YES;
				"INFOPLIST_KEY_UILaunchScreen_Generation[sdk=iphonesimulator*]" = YES;
				"INFOPLIST_KEY_UIStatusBarStyle[sdk=iphoneos*]" = UIStatusBarStyleDefault;
				"INFOPLIST_KEY_UIStatusBarStyle[sdk=iphonesimulator*]" = UIStatusBarStyleDefault;
				INFOPLIST_KEY_UISupportedInterfaceOrientations_iPad = "UIInterfaceOrientationPortrait UIInterfaceOrientationPortraitUpsideDown UIInterfaceOrientationLandscapeLeft UIInterfaceOrientationLandscapeRight";
				INFOPLIST_KEY_UISupportedInterfaceOrientations_iPhone = "UIInterfaceOrientationPortrait UIInterfaceOrientationLandscapeLeft UIInterfaceOrientationLandscapeRight";
				IPHONEOS_DEPLOYMENT_TARGET = 16.2;
				LD_RUNPATH_SEARCH_PATHS = "@executable_path/Frameworks";
				"LD_RUNPATH_SEARCH_PATHS[sdk=macosx*]" = "@executable_path/../Frameworks";
				MACOSX_DEPLOYMENT_TARGET = 13.1;
				MARKETING_VERSION = 1.0;
				PRODUCT_BUNDLE_IDENTIFIER = jp.somari.HanddrawingSample1;
				PRODUCT_NAME = "$(TARGET_NAME)";
				SDKROOT = auto;
				SUPPORTED_PLATFORMS = "iphoneos iphonesimulator macosx";
				SWIFT_EMIT_LOC_STRINGS = YES;
				SWIFT_VERSION = 5.0;
				TARGETED_DEVICE_FAMILY = "1,2";
			};
			name = Release;
		};
		E4C321FD2AB687BD00C55255 /* Debug */ = {
			isa = XCBuildConfiguration;
			buildSettings = {
				ALWAYS_EMBED_SWIFT_STANDARD_LIBRARIES = YES;
				BUNDLE_LOADER = "$(TEST_HOST)";
				CODE_SIGN_STYLE = Automatic;
				CURRENT_PROJECT_VERSION = 1;
				GENERATE_INFOPLIST_FILE = YES;
				IPHONEOS_DEPLOYMENT_TARGET = 16.2;
				MACOSX_DEPLOYMENT_TARGET = 13.1;
				MARKETING_VERSION = 1.0;
				PRODUCT_BUNDLE_IDENTIFIER = jp.somari.HanddrawingSample1Tests;
				PRODUCT_NAME = "$(TARGET_NAME)";
				SDKROOT = auto;
				SUPPORTED_PLATFORMS = "iphoneos iphonesimulator macosx";
				SWIFT_EMIT_LOC_STRINGS = NO;
				SWIFT_VERSION = 5.0;
				TARGETED_DEVICE_FAMILY = "1,2";
				TEST_HOST = "$(BUILT_PRODUCTS_DIR)/HanddrawingSample1.app/$(BUNDLE_EXECUTABLE_FOLDER_PATH)/HanddrawingSample1";
			};
			name = Debug;
		};
		E4C321FE2AB687BD00C55255 /* Release */ = {
			isa = XCBuildConfiguration;
			buildSettings = {
				ALWAYS_EMBED_SWIFT_STANDARD_LIBRARIES = YES;
				BUNDLE_LOADER = "$(TEST_HOST)";
				CODE_SIGN_STYLE = Automatic;
				CURRENT_PROJECT_VERSION = 1;
				GENERATE_INFOPLIST_FILE = YES;
				IPHONEOS_DEPLOYMENT_TARGET = 16.2;
				MACOSX_DEPLOYMENT_TARGET = 13.1;
				MARKETING_VERSION = 1.0;
				PRODUCT_BUNDLE_IDENTIFIER = jp.somari.HanddrawingSample1Tests;
				PRODUCT_NAME = "$(TARGET_NAME)";
				SDKROOT = auto;
				SUPPORTED_PLATFORMS = "iphoneos iphonesimulator macosx";
				SWIFT_EMIT_LOC_STRINGS = NO;
				SWIFT_VERSION = 5.0;
				TARGETED_DEVICE_FAMILY = "1,2";
				TEST_HOST = "$(BUILT_PRODUCTS_DIR)/HanddrawingSample1.app/$(BUNDLE_EXECUTABLE_FOLDER_PATH)/HanddrawingSample1";
			};
			name = Release;
		};
		E4C322002AB687BD00C55255 /* Debug */ = {
			isa = XCBuildConfiguration;
			buildSettings = {
				ALWAYS_EMBED_SWIFT_STANDARD_LIBRARIES = YES;
				CODE_SIGN_STYLE = Automatic;
				CURRENT_PROJECT_VERSION = 1;
				GENERATE_INFOPLIST_FILE = YES;
				IPHONEOS_DEPLOYMENT_TARGET = 16.2;
				MACOSX_DEPLOYMENT_TARGET = 13.1;
				MARKETING_VERSION = 1.0;
				PRODUCT_BUNDLE_IDENTIFIER = jp.somari.HanddrawingSample1UITests;
				PRODUCT_NAME = "$(TARGET_NAME)";
				SDKROOT = auto;
				SUPPORTED_PLATFORMS = "iphoneos iphonesimulator macosx";
				SWIFT_EMIT_LOC_STRINGS = NO;
				SWIFT_VERSION = 5.0;
				TARGETED_DEVICE_FAMILY = "1,2";
				TEST_TARGET_NAME = HanddrawingSample1;
			};
			name = Debug;
		};
		E4C322012AB687BD00C55255 /* Release */ = {
			isa = XCBuildConfiguration;
			buildSettings = {
				ALWAYS_EMBED_SWIFT_STANDARD_LIBRARIES = YES;
				CODE_SIGN_STYLE = Automatic;
				CURRENT_PROJECT_VERSION = 1;
				GENERATE_INFOPLIST_FILE = YES;
				IPHONEOS_DEPLOYMENT_TARGET = 16.2;
				MACOSX_DEPLOYMENT_TARGET = 13.1;
				MARKETING_VERSION = 1.0;
				PRODUCT_BUNDLE_IDENTIFIER = jp.somari.HanddrawingSample1UITests;
				PRODUCT_NAME = "$(TARGET_NAME)";
				SDKROOT = auto;
				SUPPORTED_PLATFORMS = "iphoneos iphonesimulator macosx";
				SWIFT_EMIT_LOC_STRINGS = NO;
				SWIFT_VERSION = 5.0;
				TARGETED_DEVICE_FAMILY = "1,2";
				TEST_TARGET_NAME = HanddrawingSample1;
			};
			name = Release;
		};
/* End XCBuildConfiguration section */

/* Begin XCConfigurationList section */
		E4C321CF2AB687BA00C55255 /* Build configuration list for PBXProject "HanddrawingSample1" */ = {
			isa = XCConfigurationList;
			buildConfigurations = (
				E4C321F72AB687BD00C55255 /* Debug */,
				E4C321F82AB687BD00C55255 /* Release */,
			);
			defaultConfigurationIsVisible = 0;
			defaultConfigurationName = Release;
		};
		E4C321F92AB687BD00C55255 /* Build configuration list for PBXNativeTarget "HanddrawingSample1" */ = {
			isa = XCConfigurationList;
			buildConfigurations = (
				E4C321FA2AB687BD00C55255 /* Debug */,
				E4C321FB2AB687BD00C55255 /* Release */,
			);
			defaultConfigurationIsVisible = 0;
			defaultConfigurationName = Release;
		};
		E4C321FC2AB687BD00C55255 /* Build configuration list for PBXNativeTarget "HanddrawingSample1Tests" */ = {
			isa = XCConfigurationList;
			buildConfigurations = (
				E4C321FD2AB687BD00C55255 /* Debug */,
				E4C321FE2AB687BD00C55255 /* Release */,
			);
			defaultConfigurationIsVisible = 0;
			defaultConfigurationName = Release;
		};
		E4C321FF2AB687BD00C55255 /* Build configuration list for PBXNativeTarget "HanddrawingSample1UITests" */ = {
			isa = XCConfigurationList;
			buildConfigurations = (
				E4C322002AB687BD00C55255 /* Debug */,
				E4C322012AB687BD00C55255 /* Release */,
			);
			defaultConfigurationIsVisible = 0;
			defaultConfigurationName = Release;
		};
/* End XCConfigurationList section */
	};
	rootObject = E4C321CC2AB687BA00C55255 /* Project object */;
}
